
Microsoft Visual Studio Solution File, Format Version 12.00
# Visual Studio Version 16
VisualStudioVersion = 16.0.29306.81
MinimumVisualStudioVersion = 10.0.40219.1
Project("{FAE04EC0-301F-11D3-BF4B-00C04F79EFBC}") = "Учет цистерн", "Учет цистерн\Учет цистерн.csproj", "{8E23CC18-3C9F-4BBA-A0D6-CE49DBC2EA39}"
EndProject
Project("{54435603-DBB4-11D2-8724-00A0C9A8B90C}") = "Setup", "Setup\Setup.vdproj", "{733F8541-AC80-4359-B494-18F8EBC21D80}"
EndProject
Global
	GlobalSection(SolutionConfigurationPlatforms) = preSolution
		Debug|Any CPU = Debug|Any CPU
		Release|Any CPU = Release|Any CPU
	EndGlobalSection
	GlobalSection(ProjectConfigurationPlatforms) = postSolution
		{8E23CC18-3C9F-4BBA-A0D6-CE49DBC2EA39}.Debug|Any CPU.ActiveCfg = Debug|Any CPU
		{8E23CC18-3C9F-4BBA-A0D6-CE49DBC2EA39}.Debug|Any CPU.Build.0 = Debug|Any CPU
		{8E23CC18-3C9F-4BBA-A0D6-CE49DBC2EA39}.Release|Any CPU.ActiveCfg = Release|Any CPU
		{8E23CC18-3C9F-4BBA-A0D6-CE49DBC2EA39}.Release|Any CPU.Build.0 = Release|Any CPU
		{733F8541-AC80-4359-B494-18F8EBC21D80}.Debug|Any CPU.ActiveCfg = Debug
		{733F8541-AC80-4359-B494-18F8EBC21D80}.Release|Any CPU.ActiveCfg = Release
	EndGlobalSection
	GlobalSection(SolutionProperties) = preSolution
		HideSolutionNode = FALSE
	EndGlobalSection
	GlobalSection(ExtensibilityGlobals) = postSolution
		SolutionGuid = {91BA8EB5-AC27-47F9-8204-C694CC074714}
	EndGlobalSection
EndGlobal
